// !$*UTF8*$!
{
	archiveVersion = 1;
	classes = {
	};
	objectVersion = 46;
	objects = {

/* Begin PBXBuildFile section */
		6132472A1F5B24550038696B /* AppDelegate.swift in Sources */ = {isa = PBXBuildFile; fileRef = 613247291F5B24550038696B /* AppDelegate.swift */; };
		6132472C1F5B24550038696B /* ViewController.swift in Sources */ = {isa = PBXBuildFile; fileRef = 6132472B1F5B24550038696B /* ViewController.swift */; };
		6132472F1F5B24550038696B /* Main.storyboard in Resources */ = {isa = PBXBuildFile; fileRef = 6132472D1F5B24550038696B /* Main.storyboard */; };
		613247311F5B24550038696B /* Assets.xcassets in Resources */ = {isa = PBXBuildFile; fileRef = 613247301F5B24550038696B /* Assets.xcassets */; };
		613247341F5B24550038696B /* LaunchScreen.storyboard in Resources */ = {isa = PBXBuildFile; fileRef = 613247321F5B24550038696B /* LaunchScreen.storyboard */; };
/* End PBXBuildFile section */

/* Begin PBXFileReference section */
		613247261F5B24550038696B /* HackatonReniecIOS.app */ = {isa = PBXFileReference; explicitFileType = wrapper.application; includeInIndex = 0; path = HackatonReniecIOS.app; sourceTree = BUILT_PRODUCTS_DIR; };
		613247291F5B24550038696B /* AppDelegate.swift */ = {isa = PBXFileReference; lastKnownFileType = sourcecode.swift; path = AppDelegate.swift; sourceTree = "<group>"; };
		6132472B1F5B24550038696B /* ViewController.swift */ = {isa = PBXFileReference; lastKnownFileType = sourcecode.swift; path = ViewController.swift; sourceTree = "<group>"; };
		6132472E1F5B24550038696B /* Base */ = {isa = PBXFileReference; lastKnownFileType = file.storyboard; name = Base; path = Base.lproj/Main.storyboard; sourceTree = "<group>"; };
		613247301F5B24550038696B /* Assets.xcassets */ = {isa = PBXFileReference; lastKnownFileType = folder.assetcatalog; path = Assets.xcassets; sourceTree = "<group>"; };
		613247331F5B24550038696B /* Base */ = {isa = PBXFileReference; lastKnownFileType = file.storyboard; name = Base; path = Base.lproj/LaunchScreen.storyboard; sourceTree = "<group>"; };
		613247351F5B24550038696B /* Info.plist */ = {isa = PBXFileReference; lastKnownFileType = text.plist.xml; path = Info.plist; sourceTree = "<group>"; };
/* End PBXFileReference section */

/* Begin PBXFrameworksBuildPhase section */
		613247231F5B24550038696B /* Frameworks */ = {
			isa = PBXFrameworksBuildPhase;
			buildActionMask = 2147483647;
			files = (
			);
			runOnlyForDeploymentPostprocessing = 0;
		};
/* End PBXFrameworksBuildPhase section */

/* Begin PBXGroup section */
		6132471D1F5B24550038696B = {
			isa = PBXGroup;
			children = (
				613247281F5B24550038696B /* HackatonReniecIOS */,
				613247271F5B24550038696B /* Products */,
			);
			sourceTree = "<group>";
		};
		613247271F5B24550038696B /* Products */ = {
			isa = PBXGroup;
			children = (
				613247261F5B24550038696B /* HackatonReniecIOS.app */,
			);
			name = Products;
			sourceTree = "<group>";
		};
		613247281F5B24550038696B /* HackatonReniecIOS */ = {
			isa = PBXGroup;
			children = (
				613247291F5B24550038696B /* AppDelegate.swift */,
				6132472B1F5B24550038696B /* ViewController.swift */,
				6132472D1F5B24550038696B /* Main.storyboard */,
				613247301F5B24550038696B /* Assets.xcassets */,
				613247321F5B24550038696B /* LaunchScreen.storyboard */,
				613247351F5B24550038696B /* Info.plist */,
			);
			path = HackatonReniecIOS;
			sourceTree = "<group>";
		};
/* End PBXGroup section */

/* Begin PBXNativeTarget section */
		613247251F5B24550038696B /* HackatonReniecIOS */ = {
			isa = PBXNativeTarget;
			buildConfigurationList = 613247381F5B24550038696B /* Build configuration list for PBXNativeTarget "HackatonReniecIOS" */;
			buildPhases = (
				613247221F5B24550038696B /* Sources */,
				613247231F5B24550038696B /* Frameworks */,
				613247241F5B24550038696B /* Resources */,
			);
			buildRules = (
			);
			dependencies = (
			);
			name = HackatonReniecIOS;
			productName = HackatonReniecIOS;
			productReference = 613247261F5B24550038696B /* HackatonReniecIOS.app */;
			productType = "com.apple.product-type.application";
		};
/* End PBXNativeTarget section */

/* Begin PBXProject section */
		6132471E1F5B24550038696B /* Project object */ = {
			isa = PBXProject;
			attributes = {
				LastSwiftUpdateCheck = 0830;
				LastUpgradeCheck = 0830;
				ORGANIZATIONNAME = DAIF;
				TargetAttributes = {
					613247251F5B24550038696B = {
						CreatedOnToolsVersion = 8.3.1;
						DevelopmentTeam = 8T7Y68JUC9;
						ProvisioningStyle = Automatic;
					};
				};
			};
			buildConfigurationList = 613247211F5B24550038696B /* Build configuration list for PBXProject "HackatonReniecIOS" */;
			compatibilityVersion = "Xcode 3.2";
			developmentRegion = English;
			hasScannedForEncodings = 0;
			knownRegions = (
				en,
				Base,
			);
			mainGroup = 6132471D1F5B24550038696B;
			productRefGroup = 613247271F5B24550038696B /* Products */;
			projectDirPath = "";
			projectRoot = "";
			targets = (
				613247251F5B24550038696B /* HackatonReniecIOS */,
			);
		};
/* End PBXProject section */

/* Begin PBXResourcesBuildPhase section */
		613247241F5B24550038696B /* Resources */ = {
			isa = PBXResourcesBuildPhase;
			buildActionMask = 2147483647;
			files = (
				613247341F5B24550038696B /* LaunchScreen.storyboard in Resources */,
				613247311F5B24550038696B /* Assets.xcassets in Resources */,
				6132472F1F5B24550038696B /* Main.storyboard in Resources */,
			);
			runOnlyForDeploymentPostprocessing = 0;
		};
/* End PBXResourcesBuildPhase section */

/* Begin PBXSourcesBuildPhase section */
		613247221F5B24550038696B /* Sources */ = {
			isa = PBXSourcesBuildPhase;
			buildActionMask = 2147483647;
			files = (
				6132472C1F5B24550038696B /* ViewController.swift in Sources */,
				6132472A1F5B24550038696B /* AppDelegate.swift in Sources */,
			);
			runOnlyForDeploymentPostprocessing = 0;
		};
/* End PBXSourcesBuildPhase section */

/* Begin PBXVariantGroup section */
		6132472D1F5B24550038696B /* Main.storyboard */ = {
			isa = PBXVariantGroup;
			children = (
				6132472E1F5B24550038696B /* Base */,
			);
			name = Main.storyboard;
			sourceTree = "<group>";
		};
		613247321F5B24550038696B /* LaunchScreen.storyboard */ = {
			isa = PBXVariantGroup;
			children = (
				613247331F5B24550038696B /* Base */,
			);
			name = LaunchScreen.storyboard;
			sourceTree = "<group>";
		};
/* End PBXVariantGroup section */

/* Begin XCBuildConfiguration section */
		613247361F5B24550038696B /* Debug */ = {
			isa = XCBuildConfiguration;
			buildSettings = {
				ALWAYS_SEARCH_USER_PATHS = NO;
				CLANG_ANALYZER_NONNULL = YES;
				CLANG_ANALYZER_NUMBER_OBJECT_CONVERSION = YES_AGGRESSIVE;
				CLANG_CXX_LANGUAGE_STANDARD = "gnu++0x";
				CLANG_CXX_LIBRARY = "libc++";
				CLANG_ENABLE_MODULES = YES;
				CLANG_ENABLE_OBJC_ARC = YES;
				CLANG_WARN_BOOL_CONVERSION = YES;
				CLANG_WARN_CONSTANT_CONVERSION = YES;
				CLANG_WARN_DIRECT_OBJC_ISA_USAGE = YES_ERROR;
				CLANG_WARN_DOCUMENTATION_COMMENTS = YES;
				CLANG_WARN_EMPTY_BODY = YES;
				CLANG_WARN_ENUM_CONVERSION = YES;
				CLANG_WARN_INFINITE_RECURSION = YES;
				CLANG_WARN_INT_CONVERSION = YES;
				CLANG_WARN_OBJC_ROOT_CLASS = YES_ERROR;
				CLANG_WARN_SUSPICIOUS_MOVE = YES;
				CLANG_WARN_UNREACHABLE_CODE = YES;
				CLANG_WARN__DUPLICATE_METHOD_MATCH = YES;
				"CODE_SIGN_IDENTITY[sdk=iphoneos*]" = "iPhone Developer";
				COPY_PHASE_STRIP = NO;
				DEBUG_INFORMATION_FORMAT = dwarf;
				ENABLE_STRICT_OBJC_MSGSEND = YES;
				ENABLE_TESTABILITY = YES;
				GCC_C_LANGUAGE_STANDARD = gnu99;
				GCC_DYNAMIC_NO_PIC = NO;
				GCC_NO_COMMON_BLOCKS = YES;
				GCC_OPTIMIZATION_LEVEL = 0;
				GCC_PREPROCESSOR_DEFINITIONS = (
					"DEBUG=1",
					"$(inherited)",
				);
				GCC_WARN_64_TO_32_BIT_CONVERSION = YES;
				GCC_WARN_ABOUT_RETURN_TYPE = YES_ERROR;
				GCC_WARN_UNDECLARED_SELECTOR = YES;
				GCC_WARN_UNINITIALIZED_AUTOS = YES_AGGRESSIVE;
				GCC_WARN_UNUSED_FUNCTION = YES;
				GCC_WARN_UNUSED_VARIABLE = YES;
				IPHONEOS_DEPLOYMENT_TARGET = 10.3;
				MTL_ENABLE_DEBUG_INFO = YES;
				ONLY_ACTIVE_ARCH = YES;
				SDKROOT = iphoneos;
				SWIFT_ACTIVE_COMPILATION_CONDITIONS = DEBUG;
				SWIFT_OPTIMIZATION_LEVEL = "-Onone";
				TARGETED_DEVICE_FAMILY = "1,2";
			};
			name = Debug;
		};
		613247371F5B24550038696B /* Release */ = {
			isa = XCBuildConfiguration;
			buildSettings = {
				ALWAYS_SEARCH_USER_PATHS = NO;
				CLANG_ANALYZER_NONNULL = YES;
				CLANG_ANALYZER_NUMBER_OBJECT_CONVERSION = YES_AGGRESSIVE;
				CLANG_CXX_LANGUAGE_STANDARD = "gnu++0x";
				CLANG_CXX_LIBRARY = "libc++";
				CLANG_ENABLE_MODULES = YES;
				CLANG_ENABLE_OBJC_ARC = YES;
				CLANG_WARN_BOOL_CONVERSION = YES;
				CLANG_WARN_CONSTANT_CONVERSION = YES;
				CLANG_WARN_DIRECT_OBJC_ISA_USAGE = YES_ERROR;
				CLANG_WARN_DOCUMENTATION_COMMENTS = YES;
				CLANG_WARN_EMPTY_BODY = YES;
				CLANG_WARN_ENUM_CONVERSION = YES;
				CLANG_WARN_INFINITE_RECURSION = YES;
				CLANG_WARN_INT_CONVERSION = YES;
				CLANG_WARN_OBJC_ROOT_CLASS = YES_ERROR;
				CLANG_WARN_SUSPICIOUS_MOVE = YES;
				CLANG_WARN_UNREACHABLE_CODE = YES;
				CLANG_WARN__DUPLICATE_METHOD_MATCH = YES;
				"CODE_SIGN_IDENTITY[sdk=iphoneos*]" = "iPhone Developer";
				COPY_PHASE_STRIP = NO;
				DEBUG_INFORMATION_FORMAT = "dwarf-with-dsym";
				ENABLE_NS_ASSERTIONS = NO;
				ENABLE_STRICT_OBJC_MSGSEND = YES;
				GCC_C_LANGUAGE_STANDARD = gnu99;
				GCC_NO_COMMON_BLOCKS = YES;
				GCC_WARN_64_TO_32_BIT_CONVERSION = YES;
				GCC_WARN_ABOUT_RETURN_TYPE = YES_ERROR;
				GCC_WARN_UNDECLARED_SELECTOR = YES;
				GCC_WARN_UNINITIALIZED_AUTOS = YES_AGGRESSIVE;
				GCC_WARN_UNUSED_FUNCTION = YES;
				GCC_WARN_UNUSED_VARIABLE = YES;
				IPHONEOS_DEPLOYMENT_TARGET = 10.3;
				MTL_ENABLE_DEBUG_INFO = NO;
				SDKROOT = iphoneos;
				SWIFT_OPTIMIZATION_LEVEL = "-Owholemodule";
				TARGETED_DEVICE_FAMILY = "1,2";
				VALIDATE_PRODUCT = YES;
			};
			name = Release;
		};
		613247391F5B24550038696B /* Debug */ = {
			isa = XCBuildConfiguration;
			buildSettings = {
				ASSETCATALOG_COMPILER_APPICON_NAME = AppIcon;
				DEVELOPMENT_TEAM = 8T7Y68JUC9;
				INFOPLIST_FILE = HackatonReniecIOS/Info.plist;
				LD_RUNPATH_SEARCH_PATHS = "$(inherited) @executable_path/Frameworks";
				PRODUCT_BUNDLE_IDENTIFIER = DAIF.HackatonReniecIOS;
				PRODUCT_NAME = "$(TARGET_NAME)";
				SWIFT_VERSION = 3.0;
			};
			name = Debug;
		};
		6132473A1F5B24550038696B /* Release */ = {
			isa = XCBuildConfiguration;
			buildSettings = {
				ASSETCATALOG_COMPILER_APPICON_NAME = AppIcon;
				DEVELOPMENT_TEAM = 8T7Y68JUC9;
				INFOPLIST_FILE = HackatonReniecIOS/Info.plist;
				LD_RUNPATH_SEARCH_PATHS = "$(inherited) @executable_path/Frameworks";
				PRODUCT_BUNDLE_IDENTIFIER = DAIF.HackatonReniecIOS;
				PRODUCT_NAME = "$(TARGET_NAME)";
				SWIFT_VERSION = 3.0;
			};
			name = Release;
		};
/* End XCBuildConfiguration section */

/* Begin XCConfigurationList section */
		613247211F5B24550038696B /* Build configuration list for PBXProject "HackatonReniecIOS" */ = {
			isa = XCConfigurationList;
			buildConfigurations = (
				613247361F5B24550038696B /* Debug */,
				613247371F5B24550038696B /* Release */,
			);
			defaultConfigurationIsVisible = 0;
			defaultConfigurationName = Release;
		};
		613247381F5B24550038696B /* Build configuration list for PBXNativeTarget "HackatonReniecIOS" */ = {
			isa = XCConfigurationList;
			buildConfigurations = (
				613247391F5B24550038696B /* Debug */,
				6132473A1F5B24550038696B /* Release */,
			);
			defaultConfigurationIsVisible = 0;
		};
/* End XCConfigurationList section */
	};
	rootObject = 6132471E1F5B24550038696B /* Project object */;
}
